
Microsoft Visual Studio Solution File, Format Version 12.00
# Visual Studio 2013
VisualStudioVersion = 12.0.21005.1
MinimumVisualStudioVersion = 10.0.40219.1
Project("{FAE04EC0-301F-11D3-BF4B-00C04F79EFBC}") = "phongkhambacduong.com", "phongkhambacduong.com\phongkhambacduong.com.csproj", "{4416ACC0-5877-4CA2-84E3-4A8C7B29BF21}"
EndProject
Project("{FAE04EC0-301F-11D3-BF4B-00C04F79EFBC}") = "WCF.BussinessObject", "WCF.BussinessObject\WCF.BussinessObject.csproj", "{15F16565-DD21-4639-BDCA-909A763212EF}"
EndProject
Project("{FAE04EC0-301F-11D3-BF4B-00C04F79EFBC}") = "WCF.BussinessController", "WCF.BussinessController\WCF.BussinessController.csproj", "{C4B49A68-8BBE-48EE-9C9D-4A0675C7D056}"
EndProject
Project("{FAE04EC0-301F-11D3-BF4B-00C04F79EFBC}") = "DataAccessLayer", "DataAccessLayer\DataAccessLayer.csproj", "{026FB032-E806-4DE5-93AE-B13667F86C36}"
EndProject
Global
	GlobalSection(SolutionConfigurationPlatforms) = preSolution
		Debug|Any CPU = Debug|Any CPU
		Release|Any CPU = Release|Any CPU
	EndGlobalSection
	GlobalSection(ProjectConfigurationPlatforms) = postSolution
		{4416ACC0-5877-4CA2-84E3-4A8C7B29BF21}.Debug|Any CPU.ActiveCfg = Debug|Any CPU
		{4416ACC0-5877-4CA2-84E3-4A8C7B29BF21}.Debug|Any CPU.Build.0 = Debug|Any CPU
		{4416ACC0-5877-4CA2-84E3-4A8C7B29BF21}.Release|Any CPU.ActiveCfg = Release|Any CPU
		{4416ACC0-5877-4CA2-84E3-4A8C7B29BF21}.Release|Any CPU.Build.0 = Release|Any CPU
		{15F16565-DD21-4639-BDCA-909A763212EF}.Debug|Any CPU.ActiveCfg = Debug|Any CPU
		{15F16565-DD21-4639-BDCA-909A763212EF}.Debug|Any CPU.Build.0 = Debug|Any CPU
		{15F16565-DD21-4639-BDCA-909A763212EF}.Release|Any CPU.ActiveCfg = Release|Any CPU
		{15F16565-DD21-4639-BDCA-909A763212EF}.Release|Any CPU.Build.0 = Release|Any CPU
		{C4B49A68-8BBE-48EE-9C9D-4A0675C7D056}.Debug|Any CPU.ActiveCfg = Debug|Any CPU
		{C4B49A68-8BBE-48EE-9C9D-4A0675C7D056}.Debug|Any CPU.Build.0 = Debug|Any CPU
		{C4B49A68-8BBE-48EE-9C9D-4A0675C7D056}.Release|Any CPU.ActiveCfg = Release|Any CPU
		{C4B49A68-8BBE-48EE-9C9D-4A0675C7D056}.Release|Any CPU.Build.0 = Release|Any CPU
		{026FB032-E806-4DE5-93AE-B13667F86C36}.Debug|Any CPU.ActiveCfg = Debug|Any CPU
		{026FB032-E806-4DE5-93AE-B13667F86C36}.Debug|Any CPU.Build.0 = Debug|Any CPU
		{026FB032-E806-4DE5-93AE-B13667F86C36}.Release|Any CPU.ActiveCfg = Release|Any CPU
		{026FB032-E806-4DE5-93AE-B13667F86C36}.Release|Any CPU.Build.0 = Release|Any CPU
	EndGlobalSection
	GlobalSection(SolutionProperties) = preSolution
		HideSolutionNode = FALSE
	EndGlobalSection
EndGlobal
